
Microsoft Visual Studio Solution File, Format Version 12.00
# Visual Studio Version 17
VisualStudioVersion = 17.0.31903.59
MinimumVisualStudioVersion = 10.0.40219.1
Project("{2150E333-8FDC-42A3-9474-1A3956D46DE8}") = "src", "src", "{AF2C39EB-C569-437A-863D-8E2ACB81621D}"
EndProject
Project("{2150E333-8FDC-42A3-9474-1A3956D46DE8}") = "tests", "tests", "{5AFEEA5E-0264-4EF0-AB21-FB6C1EE46754}"
EndProject
Project("{FAE04EC0-301F-11D3-BF4B-00C04F79EFBC}") = "FeatBit.ServerSdk", "src\FeatBit.ServerSdk\FeatBit.ServerSdk.csproj", "{BC91B3B1-D996-4F01-9C10-69B05E37A90D}"
EndProject
Project("{FAE04EC0-301F-11D3-BF4B-00C04F79EFBC}") = "FeatBit.ServerSdk.Tests", "tests\FeatBit.ServerSdk.Tests\FeatBit.ServerSdk.Tests.csproj", "{63F37641-2F11-4B0D-8A88-D345FF03822E}"
EndProject
Project("{2150E333-8FDC-42A3-9474-1A3956D46DE8}") = "examples", "examples", "{F6B47580-EB54-432C-AD5A-B918DF4B4C9C}"
EndProject
Project("{FAE04EC0-301F-11D3-BF4B-00C04F79EFBC}") = "ConsoleApp", "examples\ConsoleApp\ConsoleApp.csproj", "{1DC2EE80-678C-4DF1-9298-0465E64B4FDB}"
EndProject
Project("{FAE04EC0-301F-11D3-BF4B-00C04F79EFBC}") = "WebApiApp", "examples\WebApiApp\WebApiApp.csproj", "{68C5EB7D-A4A6-4A86-B38C-C15765F6B883}"
EndProject
Project("{FAE04EC0-301F-11D3-BF4B-00C04F79EFBC}") = "Net462ConsoleApp", "examples\Net462ConsoleApp\Net462ConsoleApp.csproj", "{F2C8E93D-CE2B-4F7B-9F49-320027C597F8}"
EndProject
Global
	GlobalSection(SolutionConfigurationPlatforms) = preSolution
		Debug|Any CPU = Debug|Any CPU
		Release|Any CPU = Release|Any CPU
	EndGlobalSection
	GlobalSection(SolutionProperties) = preSolution
		HideSolutionNode = FALSE
	EndGlobalSection
	GlobalSection(NestedProjects) = preSolution
		{BC91B3B1-D996-4F01-9C10-69B05E37A90D} = {AF2C39EB-C569-437A-863D-8E2ACB81621D}
		{63F37641-2F11-4B0D-8A88-D345FF03822E} = {5AFEEA5E-0264-4EF0-AB21-FB6C1EE46754}
		{1DC2EE80-678C-4DF1-9298-0465E64B4FDB} = {F6B47580-EB54-432C-AD5A-B918DF4B4C9C}
		{68C5EB7D-A4A6-4A86-B38C-C15765F6B883} = {F6B47580-EB54-432C-AD5A-B918DF4B4C9C}
		{F2C8E93D-CE2B-4F7B-9F49-320027C597F8} = {F6B47580-EB54-432C-AD5A-B918DF4B4C9C}
	EndGlobalSection
	GlobalSection(ProjectConfigurationPlatforms) = postSolution
		{BC91B3B1-D996-4F01-9C10-69B05E37A90D}.Debug|Any CPU.ActiveCfg = Debug|Any CPU
		{BC91B3B1-D996-4F01-9C10-69B05E37A90D}.Debug|Any CPU.Build.0 = Debug|Any CPU
		{BC91B3B1-D996-4F01-9C10-69B05E37A90D}.Release|Any CPU.ActiveCfg = Release|Any CPU
		{BC91B3B1-D996-4F01-9C10-69B05E37A90D}.Release|Any CPU.Build.0 = Release|Any CPU
		{63F37641-2F11-4B0D-8A88-D345FF03822E}.Debug|Any CPU.ActiveCfg = Debug|Any CPU
		{63F37641-2F11-4B0D-8A88-D345FF03822E}.Debug|Any CPU.Build.0 = Debug|Any CPU
		{63F37641-2F11-4B0D-8A88-D345FF03822E}.Release|Any CPU.ActiveCfg = Release|Any CPU
		{63F37641-2F11-4B0D-8A88-D345FF03822E}.Release|Any CPU.Build.0 = Release|Any CPU
		{1DC2EE80-678C-4DF1-9298-0465E64B4FDB}.Debug|Any CPU.ActiveCfg = Debug|Any CPU
		{1DC2EE80-678C-4DF1-9298-0465E64B4FDB}.Debug|Any CPU.Build.0 = Debug|Any CPU
		{1DC2EE80-678C-4DF1-9298-0465E64B4FDB}.Release|Any CPU.ActiveCfg = Release|Any CPU
		{1DC2EE80-678C-4DF1-9298-0465E64B4FDB}.Release|Any CPU.Build.0 = Release|Any CPU
		{68C5EB7D-A4A6-4A86-B38C-C15765F6B883}.Debug|Any CPU.ActiveCfg = Debug|Any CPU
		{68C5EB7D-A4A6-4A86-B38C-C15765F6B883}.Debug|Any CPU.Build.0 = Debug|Any CPU
		{68C5EB7D-A4A6-4A86-B38C-C15765F6B883}.Release|Any CPU.ActiveCfg = Release|Any CPU
		{68C5EB7D-A4A6-4A86-B38C-C15765F6B883}.Release|Any CPU.Build.0 = Release|Any CPU
		{F2C8E93D-CE2B-4F7B-9F49-320027C597F8}.Debug|Any CPU.ActiveCfg = Debug|Any CPU
		{F2C8E93D-CE2B-4F7B-9F49-320027C597F8}.Debug|Any CPU.Build.0 = Debug|Any CPU
		{F2C8E93D-CE2B-4F7B-9F49-320027C597F8}.Release|Any CPU.ActiveCfg = Release|Any CPU
		{F2C8E93D-CE2B-4F7B-9F49-320027C597F8}.Release|Any CPU.Build.0 = Release|Any CPU
	EndGlobalSection
EndGlobal
